{
    "_meta": {
        "hash": {
            "sha256": "5c2285d4bbb372dfb7e7e0c7716e6f1c1f3343e6586665931d753c7ae4d02466"
        },
        "pipfile-spec": 6,
        "requires": {
            "python_version": "3.8"
        },
        "sources": [
            {
                "name": "pypi",
                "url": "https://pypi.org/simple",
                "verify_ssl": true
            }
        ]
    },
    "default": {
        "cython": {
            "hashes": [
                "sha256:0460b40126103a49a84bf798d0faf9538f87f34dfc0cffce278678359b6db23f",
                "sha256:068661d9df2d3db08ab4799b8a3314c67e6ce7e8d06640bf70aac09feb145f54",
                "sha256:07412b12a9adc5caebfd07c2b6fcaf4d8ea8db680cfb52a2d8f0be482955ed5b",
                "sha256:0fb13aed57cce88885da12f5544e8d232de289d63c046d05a4ad623580341155",
                "sha256:10aca15d4b337c693fdcec319f7c71c75562e435d38f4fea11ab4e2b7a59448d",
                "sha256:144380701f90833594a2e8d4e182dcfc1f90e125f2b8b1c50b4985fc9c3c234e",
                "sha256:1c58c7154142c9ad084f6677427dd6dc063c49425229422642736a5312e0b6bb",
                "sha256:1d84cca12ff2739ae6d788698de4e1b17e8fe6ffea637e6167cc59825e76aae6",
                "sha256:23931c45877432097cef9de2db2dc66322cbc4fc3ebbb42c476bb2c768cecff0",
                "sha256:30903eb8a52c7ecaf3144c692372b5bab838a65941c520931c319c453dc0f802",
                "sha256:36b867cd86f7cd70d8bd5886fe26a610b89c26cfa7a620a7aa547a7709294bfd",
                "sha256:48279cca752a28e942339dc7810307c30accca194d32ee08f6cb9a1f7ac1e192",
                "sha256:48c8adf0006be76afcd30e73d75c4dfd356e97999b2ab79c6301a862a0b3a77b",
                "sha256:4ac45cb2b19c72585803c39ee4ba0f7d890d6519a9a3e9d609dde22523410722",
                "sha256:52c22859eac6a35f3995eb595664d898fb35a29c82ed2123ec8e882250d4e490",
                "sha256:56c4e731825af64e807485f375ac11f2230f2577d06b0a74fafd2f3a84f9e38f",
                "sha256:5c27a73c0419a34059e329f9ae8579d00b6b0d5b7c6dfc7a9a32a2fe882bfb1b",
                "sha256:6337e187f20439ddeb0b80309d9ae31b9d7c501101781a5504fc744f2dbc20a8",
                "sha256:635012bfb82aa0e3694b1c22bf0c85b416acf83000b80d6c305205d06dc91f90",
                "sha256:649e3b4667b509d1ef1916806f2a48b0db0542c2693c8cb81b191ff112f9f028",
                "sha256:6a677135a33240abe9040f5dbc1c79e162583b7f5e24eb668882de9a771836eb",
                "sha256:6ba0384f8df54662d665bf03ce463c187393b1841948668850f73f033b0c8c3f",
                "sha256:6e3a018fe09962c48415f1a713a3ae10a7b44d33bdbc9b09a831ef9d15ec745a",
                "sha256:880abf2abf11331d12f73063e1443dd78b27e1d7eb80bb1db3a6175ea041f034",
                "sha256:8c4c08af0e3f6223aad6a04e82a73781718e820b1b1f75e4ddf49ade8b006851",
                "sha256:91511474c9b4601ba96f8f8b9760a30d0fa998a4f4bfd59357276fc1c08904ed",
                "sha256:971ddc0096ead71b727b5bbe5afdcabe897e188e2a91e4e702f1309d298c067d",
                "sha256:aa4e01e2ed8809c1c04032154aa3e3a03f6be5db9eb5edd30ee73cf23fcf50ca",
                "sha256:aaf3c90fc7bb99810026efc5b8cb72b8ea5eaa1ea703fa83cf7adc61b9a3cea7",
                "sha256:b3b4263e41c3006ad1a803c9e6d92782ea699f205923e77d21c2c3857f9d9201",
                "sha256:bdee52750abd8dc1ca4afce798763ad3c955bd05d9855603d8abab552d807e2c",
                "sha256:c425761ec961eba76935dfc1ba782919b975d6430018dfcbf7e44838e61eb1f5",
                "sha256:c94161198402186f30e8b98cecf1968510632f72dbe41768aa3235d372786ee5",
                "sha256:d275b779510e0b9f48f39e8034b90e58bb1d747b1c9d2e020b5f3255855895f4",
                "sha256:d5a17108c5d765bacb7a7c16d339172e38379023746bb9126b9912086e7487e4",
                "sha256:d8eaa098e2a72085256a3d653be56d649a1124cb41f38011e7c2482f5d940a4c",
                "sha256:e0f21b82eac4904d6881a5e4b9f005b6e2840efae744392b3b44051d19b910f7",
                "sha256:f57234e41735521fe406e4f0f944b15dfe66a3ba7e4aaafd7e2ee05aa32b8277",
                "sha256:ff5c291b9ee97737476548c7be02bab39103b996bab96b5314edd347e1689534"
            ],
            "index": "pypi",
            "version": "==3.0.0a9"
        },
        "future": {
            "hashes": [
                "sha256:b1bead90b70cf6ec3f0710ae53a525360fa360d306a86583adc6bf83a4db537d"
            ],
            "markers": "python_version >= '2.6' and python_version not in '3.0, 3.1, 3.2, 3.3'",
            "version": "==0.18.2"
        },
        "logicmin": {
            "hashes": [
                "sha256:52cdc2bd189e8010892dcf9b089cd1f1217e8f455d45716372cfa544bf79b371"
            ],
            "index": "pypi",
            "version": "==0.3.18"
        },
        "pyeda": {
            "hashes": [
                "sha256:07185f458d5d0b2ba5058da8b95dad6ab7684ceaf41237a25bcd3f005490f59d",
                "sha256:e34c7a6332d24914d1be524b3d9fe97feb165dbfe63473b3a112c1aeda2c002e"
            ],
            "index": "pypi",
            "version": "==0.28.0"
        }
    },
    "develop": {
        "autopep8": {
            "hashes": [
                "sha256:44f0932855039d2c15c4510d6df665e4730f2b8582704fa48f9c55bd3e17d979",
                "sha256:ed77137193bbac52d029a52c59bec1b0629b5a186c495f1eb21b126ac466083f"
            ],
            "index": "pypi",
            "version": "==1.6.0"
        },
        "pycodestyle": {
            "hashes": [
                "sha256:720f8b39dde8b293825e7ff02c475f3077124006db4f440dcbc9a20b76548a20",
                "sha256:eddd5847ef438ea1c7870ca7eb78a9d47ce0cdb4851a5523949f2601d0cbbe7f"
            ],
            "markers": "python_version >= '2.7' and python_version not in '3.0, 3.1, 3.2, 3.3, 3.4'",
            "version": "==2.8.0"
        },
        "toml": {
            "hashes": [
                "sha256:806143ae5bfb6a3c6e736a764057db0e6a0e05e338b5630894a5f779cabb4f9b",
                "sha256:b3bda1d108d5dd99f4a20d24d9c348e91c4db7ab1b749200bded2f839ccbe68f"
            ],
            "markers": "python_version >= '2.6' and python_version not in '3.0, 3.1, 3.2, 3.3'",
            "version": "==0.10.2"
        }
    }
}
